
Microsoft Visual Studio Solution File, Format Version 12.00
# Visual Studio 14
VisualStudioVersion = 14.0.23107.0
MinimumVisualStudioVersion = 10.0.40219.1
Project("{FAE04EC0-301F-11D3-BF4B-00C04F79EFBC}") = "Ball of Duty Server", "Ball of Duty Server\Ball of Duty Server.csproj", "{5BEEAB3B-977A-46A9-AAA4-D8895BC7E4C3}"
EndProject
Project("{FAE04EC0-301F-11D3-BF4B-00C04F79EFBC}") = "Ball of Duty ServerTests", "Ball of Duty ServerTests\Ball of Duty ServerTests.csproj", "{107B3D3A-4445-453D-A1FC-65917F2E57B8}"
EndProject
Project("{FAE04EC0-301F-11D3-BF4B-00C04F79EFBC}") = "AsyncSocket", "AsyncSocket\AsyncSocket.csproj", "{4F92F9E4-66B4-4782-A128-FD4457BF4400}"
EndProject
Project("{FAE04EC0-301F-11D3-BF4B-00C04F79EFBC}") = "AsyncSocketImpl", "AsyncSocketImpl\AsyncSocketImpl.csproj", "{19154E90-984C-4AB4-9FDD-8556362241E3}"
EndProject
Project("{FAE04EC0-301F-11D3-BF4B-00C04F79EFBC}") = "GameObjectImpl", "GameObjectImpl\GameObjectImpl.csproj", "{5236C5B0-1796-493E-980C-0CDA4EFA2ED4}"
EndProject
Project("{FAE04EC0-301F-11D3-BF4B-00C04F79EFBC}") = "GameObject", "GameObject\GameObject.csproj", "{B750207C-DD8C-4E63-8EE2-C87909B37480}"
EndProject
Project("{FAE04EC0-301F-11D3-BF4B-00C04F79EFBC}") = "Utility", "Utility\Utility.csproj", "{4A8625CC-FBA0-45DA-9D0F-7EFFBBB73EAE}"
EndProject
Global
	GlobalSection(SolutionConfigurationPlatforms) = preSolution
		Debug|Any CPU = Debug|Any CPU
		Release|Any CPU = Release|Any CPU
	EndGlobalSection
	GlobalSection(ProjectConfigurationPlatforms) = postSolution
		{5BEEAB3B-977A-46A9-AAA4-D8895BC7E4C3}.Debug|Any CPU.ActiveCfg = Debug|Any CPU
		{5BEEAB3B-977A-46A9-AAA4-D8895BC7E4C3}.Debug|Any CPU.Build.0 = Debug|Any CPU
		{5BEEAB3B-977A-46A9-AAA4-D8895BC7E4C3}.Release|Any CPU.ActiveCfg = Release|Any CPU
		{5BEEAB3B-977A-46A9-AAA4-D8895BC7E4C3}.Release|Any CPU.Build.0 = Release|Any CPU
		{107B3D3A-4445-453D-A1FC-65917F2E57B8}.Debug|Any CPU.ActiveCfg = Debug|Any CPU
		{107B3D3A-4445-453D-A1FC-65917F2E57B8}.Debug|Any CPU.Build.0 = Debug|Any CPU
		{107B3D3A-4445-453D-A1FC-65917F2E57B8}.Release|Any CPU.ActiveCfg = Release|Any CPU
		{107B3D3A-4445-453D-A1FC-65917F2E57B8}.Release|Any CPU.Build.0 = Release|Any CPU
		{4F92F9E4-66B4-4782-A128-FD4457BF4400}.Debug|Any CPU.ActiveCfg = Debug|Any CPU
		{4F92F9E4-66B4-4782-A128-FD4457BF4400}.Debug|Any CPU.Build.0 = Debug|Any CPU
		{4F92F9E4-66B4-4782-A128-FD4457BF4400}.Release|Any CPU.ActiveCfg = Release|Any CPU
		{4F92F9E4-66B4-4782-A128-FD4457BF4400}.Release|Any CPU.Build.0 = Release|Any CPU
		{19154E90-984C-4AB4-9FDD-8556362241E3}.Debug|Any CPU.ActiveCfg = Debug|Any CPU
		{19154E90-984C-4AB4-9FDD-8556362241E3}.Debug|Any CPU.Build.0 = Debug|Any CPU
		{19154E90-984C-4AB4-9FDD-8556362241E3}.Release|Any CPU.ActiveCfg = Release|Any CPU
		{19154E90-984C-4AB4-9FDD-8556362241E3}.Release|Any CPU.Build.0 = Release|Any CPU
		{5236C5B0-1796-493E-980C-0CDA4EFA2ED4}.Debug|Any CPU.ActiveCfg = Debug|Any CPU
		{5236C5B0-1796-493E-980C-0CDA4EFA2ED4}.Debug|Any CPU.Build.0 = Debug|Any CPU
		{5236C5B0-1796-493E-980C-0CDA4EFA2ED4}.Release|Any CPU.ActiveCfg = Release|Any CPU
		{5236C5B0-1796-493E-980C-0CDA4EFA2ED4}.Release|Any CPU.Build.0 = Release|Any CPU
		{B750207C-DD8C-4E63-8EE2-C87909B37480}.Debug|Any CPU.ActiveCfg = Debug|Any CPU
		{B750207C-DD8C-4E63-8EE2-C87909B37480}.Debug|Any CPU.Build.0 = Debug|Any CPU
		{B750207C-DD8C-4E63-8EE2-C87909B37480}.Release|Any CPU.ActiveCfg = Release|Any CPU
		{B750207C-DD8C-4E63-8EE2-C87909B37480}.Release|Any CPU.Build.0 = Release|Any CPU
		{4A8625CC-FBA0-45DA-9D0F-7EFFBBB73EAE}.Debug|Any CPU.ActiveCfg = Debug|Any CPU
		{4A8625CC-FBA0-45DA-9D0F-7EFFBBB73EAE}.Debug|Any CPU.Build.0 = Debug|Any CPU
		{4A8625CC-FBA0-45DA-9D0F-7EFFBBB73EAE}.Release|Any CPU.ActiveCfg = Release|Any CPU
		{4A8625CC-FBA0-45DA-9D0F-7EFFBBB73EAE}.Release|Any CPU.Build.0 = Release|Any CPU
	EndGlobalSection
	GlobalSection(SolutionProperties) = preSolution
		HideSolutionNode = FALSE
	EndGlobalSection
EndGlobal
